
Microsoft Visual Studio Solution File, Format Version 12.00
# Visual Studio Version 16
VisualStudioVersion = 16.0.29806.167
MinimumVisualStudioVersion = 10.0.40219.1
Project("{9A19103F-16F7-4668-BE54-9A1E7A4F7556}") = "Csharp-Contest", "Csharp-Contest\Csharp-Contest.csproj", "{49212E48-6281-442E-9204-CD16EF872A7F}"
EndProject
Global
	GlobalSection(SolutionConfigurationPlatforms) = preSolution
		Debug|Any CPU = Debug|Any CPU
		Release|Any CPU = Release|Any CPU
	EndGlobalSection
	GlobalSection(ProjectConfigurationPlatforms) = postSolution
		{49212E48-6281-442E-9204-CD16EF872A7F}.Debug|Any CPU.ActiveCfg = Debug|Any CPU
		{49212E48-6281-442E-9204-CD16EF872A7F}.Debug|Any CPU.Build.0 = Debug|Any CPU
		{49212E48-6281-442E-9204-CD16EF872A7F}.Release|Any CPU.ActiveCfg = Release|Any CPU
		{49212E48-6281-442E-9204-CD16EF872A7F}.Release|Any CPU.Build.0 = Release|Any CPU
	EndGlobalSection
	GlobalSection(SolutionProperties) = preSolution
		HideSolutionNode = FALSE
	EndGlobalSection
	GlobalSection(ExtensibilityGlobals) = postSolution
		SolutionGuid = {2008A44B-8896-4591-9561-AE680FBEA6C7}
	EndGlobalSection
EndGlobal
